# THIS IS AN AUTOGENERATED FILE. DO NOT EDIT THIS FILE DIRECTLY.
# yarn lockfile v1


layui@^2.9.14:
  version "2.9.14"
  resolved "https://registry.yarnpkg.com/layui/-/layui-2.9.14.tgz#2bf87d4fd88bdf83a2c2fc2e99d68b6bc5bd0f50"
  integrity sha512-q10kQACo87VXWrpk371mEklNlfUVLzdQ4FXNiBJJO04V5/RqWy+Y3RHfu+d0fr1vcOQPeRbATagve4AUHfc4OQ==
